
Microsoft Visual Studio Solution File, Format Version 12.00
# Visual Studio Version 17
VisualStudioVersion = 17.9.34714.143
MinimumVisualStudioVersion = 10.0.40219.1
Project("{8BC9CEB8-8B4A-11D0-8D11-00A0C91BC942}") = "2024itshow", "2024itshow.vcxproj", "{7A7F12D0-5168-4EAF-B792-CE5CD999FB67}"
EndProject
Global
	GlobalSection(SolutionConfigurationPlatforms) = preSolution
		Debug|x64 = Debug|x64
		Debug|x86 = Debug|x86
		Release|x64 = Release|x64
		Release|x86 = Release|x86
	EndGlobalSection
	GlobalSection(ProjectConfigurationPlatforms) = postSolution
		{7A7F12D0-5168-4EAF-B792-CE5CD999FB67}.Debug|x64.ActiveCfg = Debug|x64
		{7A7F12D0-5168-4EAF-B792-CE5CD999FB67}.Debug|x64.Build.0 = Debug|x64
		{7A7F12D0-5168-4EAF-B792-CE5CD999FB67}.Debug|x86.ActiveCfg = Debug|Win32
		{7A7F12D0-5168-4EAF-B792-CE5CD999FB67}.Debug|x86.Build.0 = Debug|Win32
		{7A7F12D0-5168-4EAF-B792-CE5CD999FB67}.Release|x64.ActiveCfg = Release|x64
		{7A7F12D0-5168-4EAF-B792-CE5CD999FB67}.Release|x64.Build.0 = Release|x64
		{7A7F12D0-5168-4EAF-B792-CE5CD999FB67}.Release|x86.ActiveCfg = Release|Win32
		{7A7F12D0-5168-4EAF-B792-CE5CD999FB67}.Release|x86.Build.0 = Release|Win32
	EndGlobalSection
	GlobalSection(SolutionProperties) = preSolution
		HideSolutionNode = FALSE
	EndGlobalSection
	GlobalSection(ExtensibilityGlobals) = postSolution
		SolutionGuid = {26A5B52A-46AC-44E2-8F45-A705968FD07B}
	EndGlobalSection
EndGlobal
